
Microsoft Visual Studio Solution File, Format Version 12.00
Project("{FAE04EC0-301F-11D3-BF4B-00C04F79EFBC}") = "NearbyRestaurants", "NearbyRestaurants.csproj", "{BD7B0627-F045-420E-A775-1BD73D166BC8}"
EndProject
Global
	GlobalSection(SolutionConfigurationPlatforms) = preSolution
		Debug|Any CPU = Debug|Any CPU
		Release|Any CPU = Release|Any CPU
	EndGlobalSection
	GlobalSection(ProjectConfigurationPlatforms) = postSolution
		{BD7B0627-F045-420E-A775-1BD73D166BC8}.Debug|Any CPU.ActiveCfg = Debug|Any CPU
		{BD7B0627-F045-420E-A775-1BD73D166BC8}.Debug|Any CPU.Build.0 = Debug|Any CPU
		{BD7B0627-F045-420E-A775-1BD73D166BC8}.Release|Any CPU.ActiveCfg = Release|Any CPU
		{BD7B0627-F045-420E-A775-1BD73D166BC8}.Release|Any CPU.Build.0 = Release|Any CPU
	EndGlobalSection
EndGlobal
